
Microsoft Visual Studio Solution File, Format Version 12.00
# Visual Studio 2013
VisualStudioVersion = 12.0.31101.0
MinimumVisualStudioVersion = 10.0.40219.1
Project("{FAE04EC0-301F-11D3-BF4B-00C04F79EFBC}") = "MessageBusArchitectureExample.Web", "MessageBusArchitectureExample.Web\MessageBusArchitectureExample.Web.csproj", "{C81DBB2D-A467-404F-BF94-9B0E0283A401}"
EndProject
Project("{2150E333-8FDC-42A3-9474-1A3956D46DE8}") = "Service1", "Service1", "{810B5759-EC0F-4F31-8005-8650E6DBFF08}"
EndProject
Project("{FAE04EC0-301F-11D3-BF4B-00C04F79EFBC}") = "MessageBusArchitectureExample.Service1", "MessageBusArchitectureExample.Service1\MessageBusArchitectureExample.Service1.csproj", "{815D5BE9-F3D0-4734-A09E-05D3B2C2B85A}"
EndProject
Project("{FAE04EC0-301F-11D3-BF4B-00C04F79EFBC}") = "MessageBusArchitectureExample.Service1.Messages", "MessageBusArchitectureExample.Service1.Messages\MessageBusArchitectureExample.Service1.Messages.csproj", "{1CF31C2A-C881-423D-A0F0-DC8887851CD4}"
EndProject
Project("{2150E333-8FDC-42A3-9474-1A3956D46DE8}") = "Service2", "Service2", "{74D8657B-8695-4F2D-9940-B01BBA70411F}"
EndProject
Project("{FAE04EC0-301F-11D3-BF4B-00C04F79EFBC}") = "MessageBusArchitectureExample.Service2", "MessageBusArchitectureExample.Service2\MessageBusArchitectureExample.Service2.csproj", "{58D87B2D-FEC0-4B87-9BC7-D6F21EE0468B}"
EndProject
Project("{FAE04EC0-301F-11D3-BF4B-00C04F79EFBC}") = "MessageBusArchitectureExample.Service2.Messages", "MessageBusArchitectureExample.Service2.Messages\MessageBusArchitectureExample.Service2.Messages.csproj", "{10DED063-A325-4FEF-B0E0-0328539AE333}"
EndProject
Global
	GlobalSection(SolutionConfigurationPlatforms) = preSolution
		Debug|Any CPU = Debug|Any CPU
		Release|Any CPU = Release|Any CPU
	EndGlobalSection
	GlobalSection(ProjectConfigurationPlatforms) = postSolution
		{C81DBB2D-A467-404F-BF94-9B0E0283A401}.Debug|Any CPU.ActiveCfg = Debug|Any CPU
		{C81DBB2D-A467-404F-BF94-9B0E0283A401}.Debug|Any CPU.Build.0 = Debug|Any CPU
		{C81DBB2D-A467-404F-BF94-9B0E0283A401}.Release|Any CPU.ActiveCfg = Release|Any CPU
		{C81DBB2D-A467-404F-BF94-9B0E0283A401}.Release|Any CPU.Build.0 = Release|Any CPU
		{815D5BE9-F3D0-4734-A09E-05D3B2C2B85A}.Debug|Any CPU.ActiveCfg = Debug|Any CPU
		{815D5BE9-F3D0-4734-A09E-05D3B2C2B85A}.Debug|Any CPU.Build.0 = Debug|Any CPU
		{815D5BE9-F3D0-4734-A09E-05D3B2C2B85A}.Release|Any CPU.ActiveCfg = Release|Any CPU
		{815D5BE9-F3D0-4734-A09E-05D3B2C2B85A}.Release|Any CPU.Build.0 = Release|Any CPU
		{1CF31C2A-C881-423D-A0F0-DC8887851CD4}.Debug|Any CPU.ActiveCfg = Debug|Any CPU
		{1CF31C2A-C881-423D-A0F0-DC8887851CD4}.Debug|Any CPU.Build.0 = Debug|Any CPU
		{1CF31C2A-C881-423D-A0F0-DC8887851CD4}.Release|Any CPU.ActiveCfg = Release|Any CPU
		{1CF31C2A-C881-423D-A0F0-DC8887851CD4}.Release|Any CPU.Build.0 = Release|Any CPU
		{58D87B2D-FEC0-4B87-9BC7-D6F21EE0468B}.Debug|Any CPU.ActiveCfg = Debug|Any CPU
		{58D87B2D-FEC0-4B87-9BC7-D6F21EE0468B}.Debug|Any CPU.Build.0 = Debug|Any CPU
		{58D87B2D-FEC0-4B87-9BC7-D6F21EE0468B}.Release|Any CPU.ActiveCfg = Release|Any CPU
		{58D87B2D-FEC0-4B87-9BC7-D6F21EE0468B}.Release|Any CPU.Build.0 = Release|Any CPU
		{10DED063-A325-4FEF-B0E0-0328539AE333}.Debug|Any CPU.ActiveCfg = Debug|Any CPU
		{10DED063-A325-4FEF-B0E0-0328539AE333}.Debug|Any CPU.Build.0 = Debug|Any CPU
		{10DED063-A325-4FEF-B0E0-0328539AE333}.Release|Any CPU.ActiveCfg = Release|Any CPU
		{10DED063-A325-4FEF-B0E0-0328539AE333}.Release|Any CPU.Build.0 = Release|Any CPU
	EndGlobalSection
	GlobalSection(SolutionProperties) = preSolution
		HideSolutionNode = FALSE
	EndGlobalSection
	GlobalSection(NestedProjects) = preSolution
		{815D5BE9-F3D0-4734-A09E-05D3B2C2B85A} = {810B5759-EC0F-4F31-8005-8650E6DBFF08}
		{1CF31C2A-C881-423D-A0F0-DC8887851CD4} = {810B5759-EC0F-4F31-8005-8650E6DBFF08}
		{58D87B2D-FEC0-4B87-9BC7-D6F21EE0468B} = {74D8657B-8695-4F2D-9940-B01BBA70411F}
		{10DED063-A325-4FEF-B0E0-0328539AE333} = {74D8657B-8695-4F2D-9940-B01BBA70411F}
	EndGlobalSection
EndGlobal
